<?xml version="1.0" encoding="UTF-8"?>
<Scheme
   LastUpgradeVersion = "0730"
   version = "1.3">
   <BuildAction
      parallelizeBuildables = "YES"
      buildImplicitDependencies = "YES">
      <BuildActionEntries>
         <BuildActionEntry
            buildForTesting = "YES"
            buildForRunning = "YES"
            buildForProfiling = "YES"
            buildForArchiving = "YES"
            buildForAnalyzing = "YES">
            <BuildableReference
               BuildableIdentifier = "primary"
               BlueprintIdentifier = "5FB060DB1CF8219E00BF5DB9"
               BuildableName = "beamformit"
               BlueprintName = "beamformit"
               ReferencedContainer = "container:beamformit.xcodeproj">
            </BuildableReference>
         </BuildActionEntry>
      </BuildActionEntries>
   </BuildAction>
   <TestAction
      buildConfiguration = "Debug"
      selectedDebuggerIdentifier = "Xcode.DebuggerFoundation.Debugger.LLDB"
      selectedLauncherIdentifier = "Xcode.DebuggerFoundation.Launcher.LLDB"
      shouldUseLaunchSchemeArgsEnv = "YES">
      <Testables>
      </Testables>
      <MacroExpansion>
         <BuildableReference
            BuildableIdentifier = "primary"
            BlueprintIdentifier = "5FB060DB1CF8219E00BF5DB9"
            BuildableName = "beamformit"
            BlueprintName = "beamformit"
            ReferencedContainer = "container:beamformit.xcodeproj">
         </BuildableReference>
      </MacroExpansion>
      <AdditionalOptions>
      </AdditionalOptions>
   </TestAction>
   <LaunchAction
      buildConfiguration = "Debug"
      selectedDebuggerIdentifier = "Xcode.DebuggerFoundation.Debugger.LLDB"
      selectedLauncherIdentifier = "Xcode.DebuggerFoundation.Launcher.LLDB"
      launchStyle = "0"
      useCustomWorkingDirectory = "NO"
      ignoresPersistentStateOnLaunch = "NO"
      debugDocumentVersioning = "YES"
      debugServiceExtension = "internal"
      allowLocationSimulation = "YES">
      <BuildableProductRunnable
         runnableDebuggingMode = "0">
         <BuildableReference
            BuildableIdentifier = "primary"
            BlueprintIdentifier = "5FB060DB1CF8219E00BF5DB9"
            BuildableName = "beamformit"
            BlueprintName = "beamformit"
            ReferencedContainer = "container:beamformit.xcodeproj">
         </BuildableReference>
      </BuildableProductRunnable>
      <CommandLineArguments>
         <CommandLineArgument
            argument = "--scroll_size"
            isEnabled = "YES">
         </CommandLineArgument>
         <CommandLineArgument
            argument = "250"
            isEnabled = "YES">
         </CommandLineArgument>
         <CommandLineArgument
            argument = "--window_size"
            isEnabled = "YES">
         </CommandLineArgument>
         <CommandLineArgument
            argument = "500"
            isEnabled = "YES">
         </CommandLineArgument>
         <CommandLineArgument
            argument = "--nbest_amount"
            isEnabled = "YES">
         </CommandLineArgument>
         <CommandLineArgument
            argument = "4"
            isEnabled = "YES">
         </CommandLineArgument>
         <CommandLineArgument
            argument = "--do_noise_threshold"
            isEnabled = "YES">
         </CommandLineArgument>
         <CommandLineArgument
            argument = "1"
            isEnabled = "YES">
         </CommandLineArgument>
         <CommandLineArgument
            argument = "--noise_percent"
            isEnabled = "YES">
         </CommandLineArgument>
         <CommandLineArgument
            argument = "10"
            isEnabled = "YES">
         </CommandLineArgument>
         <CommandLineArgument
            argument = "--trans_weight_multi"
            isEnabled = "YES">
         </CommandLineArgument>
         <CommandLineArgument
            argument = "25"
            isEnabled = "YES">
         </CommandLineArgument>
         <CommandLineArgument
            argument = "--trans_weight_nbest"
            isEnabled = "YES">
         </CommandLineArgument>
         <CommandLineArgument
            argument = "25"
            isEnabled = "YES">
         </CommandLineArgument>
         <CommandLineArgument
            argument = "--print_features"
            isEnabled = "YES">
         </CommandLineArgument>
         <CommandLineArgument
            argument = "1"
            isEnabled = "YES">
         </CommandLineArgument>
         <CommandLineArgument
            argument = "--do_avoid_bad_frames"
            isEnabled = "YES">
         </CommandLineArgument>
         <CommandLineArgument
            argument = "1"
            isEnabled = "YES">
         </CommandLineArgument>
         <CommandLineArgument
            argument = "--do_compute_reference"
            isEnabled = "YES">
         </CommandLineArgument>
         <CommandLineArgument
            argument = "1"
            isEnabled = "YES">
         </CommandLineArgument>
         <CommandLineArgument
            argument = "--do_use_uem_file"
            isEnabled = "YES">
         </CommandLineArgument>
         <CommandLineArgument
            argument = "0"
            isEnabled = "YES">
         </CommandLineArgument>
         <CommandLineArgument
            argument = "--do_adapt_weights"
            isEnabled = "YES">
         </CommandLineArgument>
         <CommandLineArgument
            argument = "1"
            isEnabled = "YES">
         </CommandLineArgument>
         <CommandLineArgument
            argument = "--do_write_sph_files"
            isEnabled = "YES">
         </CommandLineArgument>
         <CommandLineArgument
            argument = "1"
            isEnabled = "YES">
         </CommandLineArgument>
         <CommandLineArgument
            argument = "--channels_file"
            isEnabled = "YES">
         </CommandLineArgument>
         <CommandLineArgument
            argument = "/Users/yhtangcoder/Desktop/beamformit/beamformit/output/test/channels_file"
            isEnabled = "YES">
         </CommandLineArgument>
         <CommandLineArgument
            argument = "--show_id"
            isEnabled = "YES">
         </CommandLineArgument>
         <CommandLineArgument
            argument = "test"
            isEnabled = "YES">
         </CommandLineArgument>
         <CommandLineArgument
            argument = "--result_dir"
            isEnabled = "YES">
         </CommandLineArgument>
         <CommandLineArgument
            argument = "/Users/yhtangcoder/Desktop/beamformit/beamformit/output/test"
            isEnabled = "YES">
         </CommandLineArgument>
      </CommandLineArguments>
      <AdditionalOptions>
      </AdditionalOptions>
   </LaunchAction>
   <ProfileAction
      buildConfiguration = "Release"
      shouldUseLaunchSchemeArgsEnv = "YES"
      savedToolIdentifier = ""
      useCustomWorkingDirectory = "NO"
      debugDocumentVersioning = "YES">
      <BuildableProductRunnable
         runnableDebuggingMode = "0">
         <BuildableReference
            BuildableIdentifier = "primary"
            BlueprintIdentifier = "5FB060DB1CF8219E00BF5DB9"
            BuildableName = "beamformit"
            BlueprintName = "beamformit"
            ReferencedContainer = "container:beamformit.xcodeproj">
         </BuildableReference>
      </BuildableProductRunnable>
   </ProfileAction>
   <AnalyzeAction
      buildConfiguration = "Debug">
   </AnalyzeAction>
   <ArchiveAction
      buildConfiguration = "Release"
      revealArchiveInOrganizer = "YES">
   </ArchiveAction>
</Scheme>
